{
  "originHash" : "cff46aeec140b771cabf827511d15178da6a256ebdd2d52f48200d5ed984d9f3",
  "pins" : [
    {
      "identity" : "customtextfields",
      "kind" : "remoteSourceControl",
      "location" : "https://github.com/Fenriz1349/CustomTextFields",
      "state" : {
        "branch" : "main",
        "revision" : "6216681dc01ea9fc71aab745179e8d0e6155ae38"
      }
    }
  ],
  "version" : 3
}
